
Microsoft Visual Studio Solution File, Format Version 12.00
# Visual Studio 15
VisualStudioVersion = 15.0.26430.15
MinimumVisualStudioVersion = 10.0.40219.1
Project("{FAE04EC0-301F-11D3-BF4B-00C04F79EFBC}") = "Server", "ConsoleApp12\Server.csproj", "{6ED5A7CE-35C9-45C3-958E-98BECF80B443}"
EndProject
Project("{FAE04EC0-301F-11D3-BF4B-00C04F79EFBC}") = "Client", "WindowsFormsApp1\Client.csproj", "{B29E43C5-0B00-4652-BB58-85AD7311BE7E}"
EndProject
Global
	GlobalSection(SolutionConfigurationPlatforms) = preSolution
		Debug|Any CPU = Debug|Any CPU
		Release|Any CPU = Release|Any CPU
	EndGlobalSection
	GlobalSection(ProjectConfigurationPlatforms) = postSolution
		{6ED5A7CE-35C9-45C3-958E-98BECF80B443}.Debug|Any CPU.ActiveCfg = Debug|Any CPU
		{6ED5A7CE-35C9-45C3-958E-98BECF80B443}.Debug|Any CPU.Build.0 = Debug|Any CPU
		{6ED5A7CE-35C9-45C3-958E-98BECF80B443}.Release|Any CPU.ActiveCfg = Release|Any CPU
		{6ED5A7CE-35C9-45C3-958E-98BECF80B443}.Release|Any CPU.Build.0 = Release|Any CPU
		{B29E43C5-0B00-4652-BB58-85AD7311BE7E}.Debug|Any CPU.ActiveCfg = Debug|Any CPU
		{B29E43C5-0B00-4652-BB58-85AD7311BE7E}.Debug|Any CPU.Build.0 = Debug|Any CPU
		{B29E43C5-0B00-4652-BB58-85AD7311BE7E}.Release|Any CPU.ActiveCfg = Release|Any CPU
		{B29E43C5-0B00-4652-BB58-85AD7311BE7E}.Release|Any CPU.Build.0 = Release|Any CPU
	EndGlobalSection
	GlobalSection(SolutionProperties) = preSolution
		HideSolutionNode = FALSE
	EndGlobalSection
	GlobalSection(ExtensibilityGlobals) = postSolution
		SolutionGuid = {28D33AC1-FE27-4D35-9456-9CA80D6A2D81}
	EndGlobalSection
EndGlobal
